
Microsoft Visual Studio Solution File, Format Version 12.00
# Visual Studio Version 17
VisualStudioVersion = 17.14.36203.30
MinimumVisualStudioVersion = 10.0.40219.1
Project("{FAE04EC0-301F-11D3-BF4B-00C04F79EFBC}") = "Bot_Zerg_War", "Bot_Zerg_War.csproj", "{0DF08D61-6902-4A0F-BA36-2073CF05044C}"
EndProject
Project("{FAE04EC0-301F-11D3-BF4B-00C04F79EFBC}") = "backup", "..\backup\backup.csproj", "{F60A4314-FF81-4660-A9EC-E4AB17C7BE11}"
EndProject
Global
	GlobalSection(SolutionConfigurationPlatforms) = preSolution
		Debug|Any CPU = Debug|Any CPU
		Release|Any CPU = Release|Any CPU
	EndGlobalSection
	GlobalSection(ProjectConfigurationPlatforms) = postSolution
		{0DF08D61-6902-4A0F-BA36-2073CF05044C}.Debug|Any CPU.ActiveCfg = Debug|Any CPU
		{0DF08D61-6902-4A0F-BA36-2073CF05044C}.Debug|Any CPU.Build.0 = Debug|Any CPU
		{0DF08D61-6902-4A0F-BA36-2073CF05044C}.Release|Any CPU.ActiveCfg = Release|Any CPU
		{0DF08D61-6902-4A0F-BA36-2073CF05044C}.Release|Any CPU.Build.0 = Release|Any CPU
		{F60A4314-FF81-4660-A9EC-E4AB17C7BE11}.Debug|Any CPU.ActiveCfg = Debug|Any CPU
		{F60A4314-FF81-4660-A9EC-E4AB17C7BE11}.Debug|Any CPU.Build.0 = Debug|Any CPU
		{F60A4314-FF81-4660-A9EC-E4AB17C7BE11}.Release|Any CPU.ActiveCfg = Release|Any CPU
		{F60A4314-FF81-4660-A9EC-E4AB17C7BE11}.Release|Any CPU.Build.0 = Release|Any CPU
	EndGlobalSection
	GlobalSection(SolutionProperties) = preSolution
		HideSolutionNode = FALSE
	EndGlobalSection
	GlobalSection(ExtensibilityGlobals) = postSolution
		SolutionGuid = {2DEC70A5-66FB-40C6-9AAF-11A089B7B022}
	EndGlobalSection
EndGlobal
